
Microsoft Visual Studio Solution File, Format Version 12.00
# Visual Studio Version 16
VisualStudioVersion = 16.0.30114.105
MinimumVisualStudioVersion = 10.0.40219.1
Project("{F2A71F9B-5D33-465A-A702-920D77279786}") = "fsharp01", "fsharp01\fsharp01.fsproj", "{5D76F375-17C4-4319-9DB8-CA3ACD25ED6A}"
EndProject
Project("{F2A71F9B-5D33-465A-A702-920D77279786}") = "fsharp02", "fsharp02\fsharp02.fsproj", "{736DB13C-12DA-4D2C-BE9D-5E0082FA73A8}"
EndProject
Project("{F2A71F9B-5D33-465A-A702-920D77279786}") = "fsharp03", "fsharp03\fsharp03.fsproj", "{3C9D246E-6561-4942-8B9D-6CCF0FDB32A8}"
EndProject
Project("{F2A71F9B-5D33-465A-A702-920D77279786}") = "fsharp04", "fsharp04\fsharp04.fsproj", "{02A4496B-D53E-4BD5-96E5-6EFAD6C41800}"
EndProject
Project("{F2A71F9B-5D33-465A-A702-920D77279786}") = "fsharp05", "fsharp05\fsharp05.fsproj", "{ABA9CE24-F566-44A4-9FFC-72F3FD306B5F}"
EndProject
Project("{F2A71F9B-5D33-465A-A702-920D77279786}") = "fsharp06", "fsharp06\fsharp06.fsproj", "{76C7B7D8-D0E3-43B6-A5F1-6507450BA590}"
EndProject
Project("{F2A71F9B-5D33-465A-A702-920D77279786}") = "fsharp07", "fsharp07\fsharp07.fsproj", "{13480BBB-1F15-4CD0-9B6A-0F37F723046B}"
EndProject
Project("{F2A71F9B-5D33-465A-A702-920D77279786}") = "fsharp08", "fsharp08\fsharp08.fsproj", "{AF3C28C1-17AC-4F64-9D51-3D22EB67B1F6}"
EndProject
Global
	GlobalSection(SolutionConfigurationPlatforms) = preSolution
		Debug|Any CPU = Debug|Any CPU
		Release|Any CPU = Release|Any CPU
	EndGlobalSection
	GlobalSection(SolutionProperties) = preSolution
		HideSolutionNode = FALSE
	EndGlobalSection
	GlobalSection(ProjectConfigurationPlatforms) = postSolution
		{5D76F375-17C4-4319-9DB8-CA3ACD25ED6A}.Debug|Any CPU.ActiveCfg = Debug|Any CPU
		{5D76F375-17C4-4319-9DB8-CA3ACD25ED6A}.Debug|Any CPU.Build.0 = Debug|Any CPU
		{5D76F375-17C4-4319-9DB8-CA3ACD25ED6A}.Release|Any CPU.ActiveCfg = Release|Any CPU
		{5D76F375-17C4-4319-9DB8-CA3ACD25ED6A}.Release|Any CPU.Build.0 = Release|Any CPU
		{736DB13C-12DA-4D2C-BE9D-5E0082FA73A8}.Debug|Any CPU.ActiveCfg = Debug|Any CPU
		{736DB13C-12DA-4D2C-BE9D-5E0082FA73A8}.Debug|Any CPU.Build.0 = Debug|Any CPU
		{736DB13C-12DA-4D2C-BE9D-5E0082FA73A8}.Release|Any CPU.ActiveCfg = Release|Any CPU
		{736DB13C-12DA-4D2C-BE9D-5E0082FA73A8}.Release|Any CPU.Build.0 = Release|Any CPU
		{3C9D246E-6561-4942-8B9D-6CCF0FDB32A8}.Debug|Any CPU.ActiveCfg = Debug|Any CPU
		{3C9D246E-6561-4942-8B9D-6CCF0FDB32A8}.Debug|Any CPU.Build.0 = Debug|Any CPU
		{3C9D246E-6561-4942-8B9D-6CCF0FDB32A8}.Release|Any CPU.ActiveCfg = Release|Any CPU
		{3C9D246E-6561-4942-8B9D-6CCF0FDB32A8}.Release|Any CPU.Build.0 = Release|Any CPU
		{02A4496B-D53E-4BD5-96E5-6EFAD6C41800}.Debug|Any CPU.ActiveCfg = Debug|Any CPU
		{02A4496B-D53E-4BD5-96E5-6EFAD6C41800}.Debug|Any CPU.Build.0 = Debug|Any CPU
		{02A4496B-D53E-4BD5-96E5-6EFAD6C41800}.Release|Any CPU.ActiveCfg = Release|Any CPU
		{02A4496B-D53E-4BD5-96E5-6EFAD6C41800}.Release|Any CPU.Build.0 = Release|Any CPU
		{ABA9CE24-F566-44A4-9FFC-72F3FD306B5F}.Debug|Any CPU.ActiveCfg = Debug|Any CPU
		{ABA9CE24-F566-44A4-9FFC-72F3FD306B5F}.Debug|Any CPU.Build.0 = Debug|Any CPU
		{ABA9CE24-F566-44A4-9FFC-72F3FD306B5F}.Release|Any CPU.ActiveCfg = Release|Any CPU
		{ABA9CE24-F566-44A4-9FFC-72F3FD306B5F}.Release|Any CPU.Build.0 = Release|Any CPU
		{76C7B7D8-D0E3-43B6-A5F1-6507450BA590}.Debug|Any CPU.ActiveCfg = Debug|Any CPU
		{76C7B7D8-D0E3-43B6-A5F1-6507450BA590}.Debug|Any CPU.Build.0 = Debug|Any CPU
		{76C7B7D8-D0E3-43B6-A5F1-6507450BA590}.Release|Any CPU.ActiveCfg = Release|Any CPU
		{76C7B7D8-D0E3-43B6-A5F1-6507450BA590}.Release|Any CPU.Build.0 = Release|Any CPU
		{13480BBB-1F15-4CD0-9B6A-0F37F723046B}.Debug|Any CPU.ActiveCfg = Debug|Any CPU
		{13480BBB-1F15-4CD0-9B6A-0F37F723046B}.Debug|Any CPU.Build.0 = Debug|Any CPU
		{13480BBB-1F15-4CD0-9B6A-0F37F723046B}.Release|Any CPU.ActiveCfg = Release|Any CPU
		{13480BBB-1F15-4CD0-9B6A-0F37F723046B}.Release|Any CPU.Build.0 = Release|Any CPU
		{AF3C28C1-17AC-4F64-9D51-3D22EB67B1F6}.Debug|Any CPU.ActiveCfg = Debug|Any CPU
		{AF3C28C1-17AC-4F64-9D51-3D22EB67B1F6}.Debug|Any CPU.Build.0 = Debug|Any CPU
		{AF3C28C1-17AC-4F64-9D51-3D22EB67B1F6}.Release|Any CPU.ActiveCfg = Release|Any CPU
		{AF3C28C1-17AC-4F64-9D51-3D22EB67B1F6}.Release|Any CPU.Build.0 = Release|Any CPU
	EndGlobalSection
EndGlobal
